{
    "_readme": [
        "This file locks the dependencies of your project to a known state",
        "Read more about it at https://getcomposer.org/doc/01-basic-usage.md#installing-dependencies",
        "This file is @generated automatically"
    ],
    "content-hash": "2231e2c975559f86d8d613724c7d81dc",
    "packages": [
        {
            "name": "kartik-v/bootstrap-fileinput",
            "version": "v4.4.9",
            "source": {
                "type": "git",
                "url": "https://github.com/kartik-v/bootstrap-fileinput.git",
                "reference": "b6343494a53733bf827c28869baf4923a65b6711"
            },
            "dist": {
                "type": "zip",
                "url": "https://api.github.com/repos/kartik-v/bootstrap-fileinput/zipball/b6343494a53733bf827c28869baf4923a65b6711",
                "reference": "b6343494a53733bf827c28869baf4923a65b6711",
                "shasum": "",
                "mirrors": [
                    {
                        "url": "https://dl.laravel-china.org/%package%/%reference%.%type%",
                        "preferred": true
                    }
                ]
            },
            "type": "library",
            "extra": {
                "branch-alias": {
                    "dev-master": "4.4.x-dev"
                }
            },
            "autoload": {
                "psr-4": {
                    "kartik\\plugins\\fileinput\\": ""
                }
            },
            "notification-url": "https://packagist.org/downloads/",
            "license": [
                "BSD-3-Clause"
            ],
            "authors": [
                {
                    "name": "Kartik Visweswaran",
                    "email": "kartikv2@gmail.com",
                    "homepage": "http://www.krajee.com/"
                }
            ],
            "description": "An enhanced HTML 5 file input for Bootstrap 3.x with features for file preview for many file types, multiple selection, ajax uploads, and more.",
            "homepage": "https://github.com/kartik-v/bootstrap-fileinput",
            "keywords": [
                "ajax",
                "bootstrap",
                "delete",
                "file",
                "image",
                "input",
                "jquery",
                "multiple",
                "preview",
                "progress",
                "upload"
            ],
            "time": "2018-07-25T16:54:29+00:00"
        }
    ],
    "packages-dev": [],
    "aliases": [],
    "minimum-stability": "stable",
    "stability-flags": [],
    "prefer-stable": false,
    "prefer-lowest": false,
    "platform": [],
    "platform-dev": []
}
